
Microsoft Visual Studio Solution File, Format Version 12.00
# Visual Studio Version 17
VisualStudioVersion = 17.6.33815.320
MinimumVisualStudioVersion = 10.0.40219.1
Project("{FAE04EC0-301F-11D3-BF4B-00C04F79EFBC}") = "programa02_03", "programa02_03\programa02_03.csproj", "{8E36297C-0CDD-464D-A7AB-92924B6C7DF4}"
EndProject
Project("{FAE04EC0-301F-11D3-BF4B-00C04F79EFBC}") = "programa03_01", "programa03_01\programa03_01.csproj", "{98EF64D3-15AA-4759-8157-BAE692E27E94}"
EndProject
Project("{FAE04EC0-301F-11D3-BF4B-00C04F79EFBC}") = "Programa03_02", "Programa03_02\Programa03_02.csproj", "{804B2D51-8A01-4B2C-A1B7-D0E7E05D4490}"
EndProject
Project("{FAE04EC0-301F-11D3-BF4B-00C04F79EFBC}") = "tips4", "Tips C# Nicosiored\tips4.csproj", "{715A2B6A-3C9F-492D-B8C3-4E5F3F78EE6F}"
EndProject
Project("{FAE04EC0-301F-11D3-BF4B-00C04F79EFBC}") = "Tip6FormatoWrite_WriteLine", "Tip6FormatoWrite_WriteLine\Tip6FormatoWrite_WriteLine.csproj", "{6C319683-FB9C-43F0-8FBF-BCF72CCC1943}"
EndProject
Project("{FAE04EC0-301F-11D3-BF4B-00C04F79EFBC}") = "Tip7 const y readonly", "Tip7 const y readonly\Tip7 const y readonly.csproj", "{0E05D9E2-8D2E-4502-8758-E2188A5B0C4E}"
EndProject
Project("{FAE04EC0-301F-11D3-BF4B-00C04F79EFBC}") = "Tip8 Entendiendo static de una vez por todas", "Tip8 Entendiendo static de una vez por todas\Tip8 Entendiendo static de una vez por todas.csproj", "{85BCC758-86D1-4FBD-BAC4-E103B9E65641}"
EndProject
Project("{FAE04EC0-301F-11D3-BF4B-00C04F79EFBC}") = "Tip 8a DatoEstatico", "Tip 8a DatoEstatico\Tip 8a DatoEstatico.csproj", "{D7FF64A9-7FF6-427A-96B7-374E8D97BAF3}"
EndProject
Project("{FAE04EC0-301F-11D3-BF4B-00C04F79EFBC}") = "Tip 8b EstaticoEnConstructor", "Tip 8b EstaticoEnConstructor\Tip 8b EstaticoEnConstructor.csproj", "{42F8DA98-DE37-48A5-A5B8-AE93C0A7913C}"
EndProject
Project("{FAE04EC0-301F-11D3-BF4B-00C04F79EFBC}") = "Tip 8c ConstuctorEstatico", "Tip 8c ConstuctorEstatico\Tip 8c ConstuctorEstatico.csproj", "{D4B844B5-E1AD-4F5A-A53D-A3161C1901DC}"
EndProject
Global
	GlobalSection(SolutionConfigurationPlatforms) = preSolution
		Debug|Any CPU = Debug|Any CPU
		Release|Any CPU = Release|Any CPU
	EndGlobalSection
	GlobalSection(ProjectConfigurationPlatforms) = postSolution
		{8E36297C-0CDD-464D-A7AB-92924B6C7DF4}.Debug|Any CPU.ActiveCfg = Debug|Any CPU
		{8E36297C-0CDD-464D-A7AB-92924B6C7DF4}.Debug|Any CPU.Build.0 = Debug|Any CPU
		{8E36297C-0CDD-464D-A7AB-92924B6C7DF4}.Release|Any CPU.ActiveCfg = Release|Any CPU
		{8E36297C-0CDD-464D-A7AB-92924B6C7DF4}.Release|Any CPU.Build.0 = Release|Any CPU
		{98EF64D3-15AA-4759-8157-BAE692E27E94}.Debug|Any CPU.ActiveCfg = Debug|Any CPU
		{98EF64D3-15AA-4759-8157-BAE692E27E94}.Debug|Any CPU.Build.0 = Debug|Any CPU
		{98EF64D3-15AA-4759-8157-BAE692E27E94}.Release|Any CPU.ActiveCfg = Release|Any CPU
		{98EF64D3-15AA-4759-8157-BAE692E27E94}.Release|Any CPU.Build.0 = Release|Any CPU
		{804B2D51-8A01-4B2C-A1B7-D0E7E05D4490}.Debug|Any CPU.ActiveCfg = Debug|Any CPU
		{804B2D51-8A01-4B2C-A1B7-D0E7E05D4490}.Debug|Any CPU.Build.0 = Debug|Any CPU
		{804B2D51-8A01-4B2C-A1B7-D0E7E05D4490}.Release|Any CPU.ActiveCfg = Release|Any CPU
		{804B2D51-8A01-4B2C-A1B7-D0E7E05D4490}.Release|Any CPU.Build.0 = Release|Any CPU
		{715A2B6A-3C9F-492D-B8C3-4E5F3F78EE6F}.Debug|Any CPU.ActiveCfg = Debug|Any CPU
		{715A2B6A-3C9F-492D-B8C3-4E5F3F78EE6F}.Debug|Any CPU.Build.0 = Debug|Any CPU
		{715A2B6A-3C9F-492D-B8C3-4E5F3F78EE6F}.Release|Any CPU.ActiveCfg = Release|Any CPU
		{715A2B6A-3C9F-492D-B8C3-4E5F3F78EE6F}.Release|Any CPU.Build.0 = Release|Any CPU
		{6C319683-FB9C-43F0-8FBF-BCF72CCC1943}.Debug|Any CPU.ActiveCfg = Debug|Any CPU
		{6C319683-FB9C-43F0-8FBF-BCF72CCC1943}.Debug|Any CPU.Build.0 = Debug|Any CPU
		{6C319683-FB9C-43F0-8FBF-BCF72CCC1943}.Release|Any CPU.ActiveCfg = Release|Any CPU
		{6C319683-FB9C-43F0-8FBF-BCF72CCC1943}.Release|Any CPU.Build.0 = Release|Any CPU
		{0E05D9E2-8D2E-4502-8758-E2188A5B0C4E}.Debug|Any CPU.ActiveCfg = Debug|Any CPU
		{0E05D9E2-8D2E-4502-8758-E2188A5B0C4E}.Debug|Any CPU.Build.0 = Debug|Any CPU
		{0E05D9E2-8D2E-4502-8758-E2188A5B0C4E}.Release|Any CPU.ActiveCfg = Release|Any CPU
		{0E05D9E2-8D2E-4502-8758-E2188A5B0C4E}.Release|Any CPU.Build.0 = Release|Any CPU
		{85BCC758-86D1-4FBD-BAC4-E103B9E65641}.Debug|Any CPU.ActiveCfg = Debug|Any CPU
		{85BCC758-86D1-4FBD-BAC4-E103B9E65641}.Debug|Any CPU.Build.0 = Debug|Any CPU
		{85BCC758-86D1-4FBD-BAC4-E103B9E65641}.Release|Any CPU.ActiveCfg = Release|Any CPU
		{85BCC758-86D1-4FBD-BAC4-E103B9E65641}.Release|Any CPU.Build.0 = Release|Any CPU
		{D7FF64A9-7FF6-427A-96B7-374E8D97BAF3}.Debug|Any CPU.ActiveCfg = Debug|Any CPU
		{D7FF64A9-7FF6-427A-96B7-374E8D97BAF3}.Debug|Any CPU.Build.0 = Debug|Any CPU
		{D7FF64A9-7FF6-427A-96B7-374E8D97BAF3}.Release|Any CPU.ActiveCfg = Release|Any CPU
		{D7FF64A9-7FF6-427A-96B7-374E8D97BAF3}.Release|Any CPU.Build.0 = Release|Any CPU
		{42F8DA98-DE37-48A5-A5B8-AE93C0A7913C}.Debug|Any CPU.ActiveCfg = Debug|Any CPU
		{42F8DA98-DE37-48A5-A5B8-AE93C0A7913C}.Debug|Any CPU.Build.0 = Debug|Any CPU
		{42F8DA98-DE37-48A5-A5B8-AE93C0A7913C}.Release|Any CPU.ActiveCfg = Release|Any CPU
		{42F8DA98-DE37-48A5-A5B8-AE93C0A7913C}.Release|Any CPU.Build.0 = Release|Any CPU
		{D4B844B5-E1AD-4F5A-A53D-A3161C1901DC}.Debug|Any CPU.ActiveCfg = Debug|Any CPU
		{D4B844B5-E1AD-4F5A-A53D-A3161C1901DC}.Debug|Any CPU.Build.0 = Debug|Any CPU
		{D4B844B5-E1AD-4F5A-A53D-A3161C1901DC}.Release|Any CPU.ActiveCfg = Release|Any CPU
		{D4B844B5-E1AD-4F5A-A53D-A3161C1901DC}.Release|Any CPU.Build.0 = Release|Any CPU
	EndGlobalSection
	GlobalSection(SolutionProperties) = preSolution
		HideSolutionNode = FALSE
	EndGlobalSection
	GlobalSection(ExtensibilityGlobals) = postSolution
		SolutionGuid = {50D6F696-571D-4704-896A-F2FF1FCDF600}
	EndGlobalSection
EndGlobal
