
Microsoft Visual Studio Solution File, Format Version 12.00
# Visual Studio Version 17
VisualStudioVersion = 17.6.33815.320
MinimumVisualStudioVersion = 10.0.40219.1
Project("{FAE04EC0-301F-11D3-BF4B-00C04F79EFBC}") = "programa02_03", "programa02_03\programa02_03.csproj", "{8E36297C-0CDD-464D-A7AB-92924B6C7DF4}"
EndProject
Project("{FAE04EC0-301F-11D3-BF4B-00C04F79EFBC}") = "programa03_01", "programa03_01\programa03_01.csproj", "{98EF64D3-15AA-4759-8157-BAE692E27E94}"
EndProject
Project("{FAE04EC0-301F-11D3-BF4B-00C04F79EFBC}") = "Programa03_02", "Programa03_02\Programa03_02.csproj", "{804B2D51-8A01-4B2C-A1B7-D0E7E05D4490}"
EndProject
Project("{FAE04EC0-301F-11D3-BF4B-00C04F79EFBC}") = "tips4", "Tips C# Nicosiored\tips4.csproj", "{715A2B6A-3C9F-492D-B8C3-4E5F3F78EE6F}"
EndProject
Project("{FAE04EC0-301F-11D3-BF4B-00C04F79EFBC}") = "Tip6FormatoWrite_WriteLine", "Tip6FormatoWrite_WriteLine\Tip6FormatoWrite_WriteLine.csproj", "{6C319683-FB9C-43F0-8FBF-BCF72CCC1943}"
EndProject
Project("{FAE04EC0-301F-11D3-BF4B-00C04F79EFBC}") = "Tip7 const y readonly", "Tip7 const y readonly\Tip7 const y readonly.csproj", "{0E05D9E2-8D2E-4502-8758-E2188A5B0C4E}"
EndProject
Project("{FAE04EC0-301F-11D3-BF4B-00C04F79EFBC}") = "Tip8 Entendiendo static de una vez por todas", "Tip8 Entendiendo static de una vez por todas\Tip8 Entendiendo static de una vez por todas.csproj", "{85BCC758-86D1-4FBD-BAC4-E103B9E65641}"
EndProject
Project("{FAE04EC0-301F-11D3-BF4B-00C04F79EFBC}") = "Tip 8a DatoEstatico", "Tip 8a DatoEstatico\Tip 8a DatoEstatico.csproj", "{D7FF64A9-7FF6-427A-96B7-374E8D97BAF3}"
EndProject
Project("{FAE04EC0-301F-11D3-BF4B-00C04F79EFBC}") = "Tip 8b EstaticoEnConstructor", "Tip 8b EstaticoEnConstructor\Tip 8b EstaticoEnConstructor.csproj", "{42F8DA98-DE37-48A5-A5B8-AE93C0A7913C}"
EndProject
Project("{FAE04EC0-301F-11D3-BF4B-00C04F79EFBC}") = "Tip 8c ConstuctorEstatico", "Tip 8c ConstuctorEstatico\Tip 8c ConstuctorEstatico.csproj", "{D4B844B5-E1AD-4F5A-A53D-A3161C1901DC}"
EndProject
Project("{FAE04EC0-301F-11D3-BF4B-00C04F79EFBC}") = "Tipod ClaseEstatica", "Tipod ClaseEstatica\Tipod ClaseEstatica.csproj", "{AACA9AA4-43FE-40DB-9D1D-837F418E7B9B}"
EndProject
Project("{FAE04EC0-301F-11D3-BF4B-00C04F79EFBC}") = "Tip9_ModificadoresPArametrosMetodo", "Tip9_ModificadoresPArametrosMetodo\Tip9_ModificadoresPArametrosMetodo.csproj", "{4D35F1DA-6AA6-4CB9-9B08-CC3ECE92E5B1}"
EndProject
Project("{FAE04EC0-301F-11D3-BF4B-00C04F79EFBC}") = "Tip010BoxingyUnboxing", "Tip010BoxingyUnboxing\Tip010BoxingyUnboxing.csproj", "{065F4AA9-9531-4BFF-BE97-E8C31DD7A1B3}"
EndProject
Project("{FAE04EC0-301F-11D3-BF4B-00C04F79EFBC}") = "Tip11UsoDeRandom", "Tip11UsoDeRandom\Tip11UsoDeRandom.csproj", "{BCF903A2-7CA8-4A84-BB81-4E9197A616D9}"
EndProject
Project("{FAE04EC0-301F-11D3-BF4B-00C04F79EFBC}") = "Tip12ArreglosJagged", "Tip12ArreglosJagged\Tip12ArreglosJagged.csproj", "{A57050AA-8D42-45D0-90C3-0F771A2B7268}"
EndProject
Project("{FAE04EC0-301F-11D3-BF4B-00C04F79EFBC}") = "Tip013UsoForEach", "Tip013UsoForEach\Tip013UsoForEach.csproj", "{0FD89F12-DAD8-4A07-8BBE-961EF15E78EF}"
EndProject
Project("{FAE04EC0-301F-11D3-BF4B-00C04F79EFBC}") = "Tip014ArreglosComoParametros", "Tip014ArreglosComoParametros\Tip014ArreglosComoParametros.csproj", "{A646DA80-E662-4B2C-A389-CCFF45BFA0D5}"
EndProject
Project("{FAE04EC0-301F-11D3-BF4B-00C04F79EFBC}") = "Tip015PasoPorCopiayPasoPorReferencia", "Tip015PasoPorCopiayPasoPorReferencia\Tip015PasoPorCopiayPasoPorReferencia.csproj", "{0714DAF5-1BEC-4B84-9AC3-91BBA00515CE}"
EndProject
Project("{FAE04EC0-301F-11D3-BF4B-00C04F79EFBC}") = "Tip016Enumeraciones", "Tip016Enumeraciones\Tip016Enumeraciones.csproj", "{26AC2754-2F5F-4953-AB96-B1CCD2FF36C1}"
EndProject
Project("{FAE04EC0-301F-11D3-BF4B-00C04F79EFBC}") = "Tip17EntendiendoClaseObject", "Tip17EntendiendoClaseObject\Tip17EntendiendoClaseObject.csproj", "{DA8BABF7-2695-489B-9042-C72C798A2E92}"
EndProject
Project("{FAE04EC0-301F-11D3-BF4B-00C04F79EFBC}") = "Tip18OverrideClaeObject", "Tip18OverrideClaeObject\Tip18OverrideClaeObject.csproj", "{FB7ECEB6-4B21-4F91-A03A-D294552C8FE1}"
EndProject
Project("{FAE04EC0-301F-11D3-BF4B-00C04F79EFBC}") = "Tip19ClaseChar", "Tip19ClaseChar\Tip19ClaseChar.csproj", "{ED7F6F1D-091B-475B-AF0A-EA08A634A742}"
EndProject
Project("{FAE04EC0-301F-11D3-BF4B-00C04F79EFBC}") = "Tip20ClaseString", "Tip20ClaseString\Tip20ClaseString.csproj", "{03982C49-5218-4581-8B89-D00C6E96C7D7}"
EndProject
Project("{FAE04EC0-301F-11D3-BF4B-00C04F79EFBC}") = "Tip21UsoAvanzadoFor", "Tip21UsoAvanzadoFor\Tip21UsoAvanzadoFor.csproj", "{FDA2C8B6-9677-45BF-8377-22A2B9BD231A}"
EndProject
Project("{9A19103F-16F7-4668-BE54-9A1E7A4F7556}") = "Tip022DeteccionNumerosenTextBox", "Tip022DeteccionNumerosenTextBox\Tip022DeteccionNumerosenTextBox.csproj", "{0A442A0C-C813-4370-AC57-0F3203F76925}"
EndProject
Project("{9A19103F-16F7-4668-BE54-9A1E7A4F7556}") = "Tip23_ConsolayForm", "Tip23_ConsolayForm\Tip23_ConsolayForm.csproj", "{63F61FB0-2662-4BF1-AD4E-C24AFBE17672}"
EndProject
Project("{FAE04EC0-301F-11D3-BF4B-00C04F79EFBC}") = "Tip24_PropiedadesAutomaticas", "Tip24_PropiedadesAutomaticas\Tip24_PropiedadesAutomaticas.csproj", "{BE9D7B4B-05BE-4B7E-9561-1CC7E3689DEA}"
EndProject
Project("{FAE04EC0-301F-11D3-BF4B-00C04F79EFBC}") = "Tip025_OperadorTernario", "Tip025_OperadorTernario\Tip025_OperadorTernario.csproj", "{6A8298D8-1277-4B17-86D4-8EF1706F4EB9}"
EndProject
Project("{FAE04EC0-301F-11D3-BF4B-00C04F79EFBC}") = "Tip026_OperadoresDeNull", "Tip026_OperadoresDeNull\Tip026_OperadoresDeNull.csproj", "{7DA04CFC-1DD3-4DE6-ACBD-33AA9FD813C2}"
EndProject
Project("{FAE04EC0-301F-11D3-BF4B-00C04F79EFBC}") = "Tip027_VerbatimeInterpolacion", "Tip027_VerbatimeInterpolacion\Tip027_VerbatimeInterpolacion.csproj", "{0A57C813-4560-41AA-81EC-43FCDC69924D}"
EndProject
Project("{FAE04EC0-301F-11D3-BF4B-00C04F79EFBC}") = "Tip028_InicializadoresDeObjetos", "Tip028_InicializadoresDeObjetos\Tip028_InicializadoresDeObjetos.csproj", "{7EC29D50-D634-4AF3-B89F-6995577B7F50}"
EndProject
Project("{FAE04EC0-301F-11D3-BF4B-00C04F79EFBC}") = "Tip029_MasSobrePropiedades", "Tip029_MasSobrePropiedades\Tip029_MasSobrePropiedades.csproj", "{F69B5201-FC28-49B4-8709-7FF28D0A8E6B}"
EndProject
Project("{FAE04EC0-301F-11D3-BF4B-00C04F79EFBC}") = "Tip030ClasesyMetodosParciales", "Tip030ClasesyMetodosParciales\Tip030ClasesyMetodosParciales.csproj", "{23865050-6687-476C-9E6E-8971BE9B136B}"
EndProject
Project("{9A19103F-16F7-4668-BE54-9A1E7A4F7556}") = "Tip030WinFormsClasesyMetodosParciales", "Tip030WinFormsClasesyMetodosParciales\Tip030WinFormsClasesyMetodosParciales.csproj", "{AECAC37C-F7B6-495D-9EEB-EB1E9E1BC3E6}"
EndProject
Project("{FAE04EC0-301F-11D3-BF4B-00C04F79EFBC}") = "Tip031EnumeracionesdeFlags", "Tip031EnumeracionesdeFlags\Tip031EnumeracionesdeFlags.csproj", "{3151910E-F316-401A-B8A3-09D4E200763B}"
EndProject
Project("{FAE04EC0-301F-11D3-BF4B-00C04F79EFBC}") = "Tip032_Diferencia&y&&", "Tip032_Diferencia&y&&\Tip032_Diferencia&y&&.csproj", "{0E518F6E-5CE0-465E-ABDF-F3F19F171483}"
EndProject
Project("{FAE04EC0-301F-11D3-BF4B-00C04F79EFBC}") = "Tip033_ReimplementacionDeInterfazEnHerencia", "Tip033_ReimplementacionDeInterfazEnHerencia\Tip033_ReimplementacionDeInterfazEnHerencia.csproj", "{33058934-DDD0-4AB1-AFD8-0011F0A50C18}"
EndProject
Project("{FAE04EC0-301F-11D3-BF4B-00C04F79EFBC}") = "Tip034_ImplementacionVirtualIntefaz", "Tip034_ImplementacionVirtualIntefaz\Tip034_ImplementacionVirtualIntefaz.csproj", "{48A98CBA-489F-4C49-9E83-0B8C954B5A5E}"
EndProject
Project("{FAE04EC0-301F-11D3-BF4B-00C04F79EFBC}") = "Tip035_RestrccionesClasesGenericas", "Tip035_RestrccionesClasesGenericas\Tip035_RestrccionesClasesGenericas.csproj", "{527E342C-8851-47AC-98F3-343C840CF2E5}"
EndProject
Project("{FAE04EC0-301F-11D3-BF4B-00C04F79EFBC}") = "Tip036Shift", "Tip036Shift\Tip036Shift.csproj", "{A2DA9BBF-D19A-4256-AA8A-01DBF1911B99}"
EndProject
Project("{FAE04EC0-301F-11D3-BF4B-00C04F79EFBC}") = "Tip037_PrecedenciaOperadoresLogicos", "Tip037_PrecedenciaOperadoresLogicos\Tip037_PrecedenciaOperadoresLogicos.csproj", "{2B37F1CB-B9BB-4332-9F4F-6C4D65F167DC}"
EndProject
Project("{FAE04EC0-301F-11D3-BF4B-00C04F79EFBC}") = "Tip038_Snippets", "Tip038_Snippets\Tip038_Snippets.csproj", "{89D8B48D-94CA-48F3-A0EF-5CA2CE102FC7}"
EndProject
Project("{FAE04EC0-301F-11D3-BF4B-00C04F79EFBC}") = "SingleResponsibility1", "SingleResponsibility1\SingleResponsibility1.csproj", "{370CDC14-1B5F-4029-A206-2EB076D9A665}"
EndProject
Project("{FAE04EC0-301F-11D3-BF4B-00C04F79EFBC}") = "SingleResponsabilityRefactor", "SingleResponsabilityRefactor\SingleResponsabilityRefactor.csproj", "{6B76B6F5-23C4-42DA-9BDE-1B14553BA1C2}"
EndProject
Project("{FAE04EC0-301F-11D3-BF4B-00C04F79EFBC}") = "OpenClosed", "OpenClosed\OpenClosed.csproj", "{F07A02A8-9E52-4D40-8EA9-8D11E40EF70F}"
EndProject
Project("{FAE04EC0-301F-11D3-BF4B-00C04F79EFBC}") = "OpenClosedRefactor", "OpenClosedRefactor\OpenClosedRefactor.csproj", "{E6D63726-BA42-4D40-9D61-51403B537F0C}"
EndProject
Project("{FAE04EC0-301F-11D3-BF4B-00C04F79EFBC}") = "Liskov", "Liskov\Liskov.csproj", "{10FAB9E8-5A15-4A8B-9B69-D2911461D705}"
EndProject
Project("{FAE04EC0-301F-11D3-BF4B-00C04F79EFBC}") = "LiskovRefactor", "LiskovRefactor\LiskovRefactor.csproj", "{E4F12592-FB07-4A1D-B011-7304EDB1E886}"
EndProject
Project("{FAE04EC0-301F-11D3-BF4B-00C04F79EFBC}") = "InterfaceSegregation", "InterfaceSegregation\InterfaceSegregation.csproj", "{6D010167-7B50-4212-869E-5BD8420891D5}"
EndProject
Project("{FAE04EC0-301F-11D3-BF4B-00C04F79EFBC}") = "InterafaceSegregationRefactor", "InterafaceSegregationRefactor\InterafaceSegregationRefactor.csproj", "{7898C18B-73E3-48FA-8D6F-B8A3B95648B7}"
EndProject
Project("{FAE04EC0-301F-11D3-BF4B-00C04F79EFBC}") = "DependencyInversion", "DependencyInversion\DependencyInversion.csproj", "{076280AA-57E1-47DF-95AE-0F2F785B0423}"
EndProject
Global
	GlobalSection(SolutionConfigurationPlatforms) = preSolution
		Debug|Any CPU = Debug|Any CPU
		Release|Any CPU = Release|Any CPU
	EndGlobalSection
	GlobalSection(ProjectConfigurationPlatforms) = postSolution
		{8E36297C-0CDD-464D-A7AB-92924B6C7DF4}.Debug|Any CPU.ActiveCfg = Debug|Any CPU
		{8E36297C-0CDD-464D-A7AB-92924B6C7DF4}.Debug|Any CPU.Build.0 = Debug|Any CPU
		{8E36297C-0CDD-464D-A7AB-92924B6C7DF4}.Release|Any CPU.ActiveCfg = Release|Any CPU
		{8E36297C-0CDD-464D-A7AB-92924B6C7DF4}.Release|Any CPU.Build.0 = Release|Any CPU
		{98EF64D3-15AA-4759-8157-BAE692E27E94}.Debug|Any CPU.ActiveCfg = Debug|Any CPU
		{98EF64D3-15AA-4759-8157-BAE692E27E94}.Debug|Any CPU.Build.0 = Debug|Any CPU
		{98EF64D3-15AA-4759-8157-BAE692E27E94}.Release|Any CPU.ActiveCfg = Release|Any CPU
		{98EF64D3-15AA-4759-8157-BAE692E27E94}.Release|Any CPU.Build.0 = Release|Any CPU
		{804B2D51-8A01-4B2C-A1B7-D0E7E05D4490}.Debug|Any CPU.ActiveCfg = Debug|Any CPU
		{804B2D51-8A01-4B2C-A1B7-D0E7E05D4490}.Debug|Any CPU.Build.0 = Debug|Any CPU
		{804B2D51-8A01-4B2C-A1B7-D0E7E05D4490}.Release|Any CPU.ActiveCfg = Release|Any CPU
		{804B2D51-8A01-4B2C-A1B7-D0E7E05D4490}.Release|Any CPU.Build.0 = Release|Any CPU
		{715A2B6A-3C9F-492D-B8C3-4E5F3F78EE6F}.Debug|Any CPU.ActiveCfg = Debug|Any CPU
		{715A2B6A-3C9F-492D-B8C3-4E5F3F78EE6F}.Debug|Any CPU.Build.0 = Debug|Any CPU
		{715A2B6A-3C9F-492D-B8C3-4E5F3F78EE6F}.Release|Any CPU.ActiveCfg = Release|Any CPU
		{715A2B6A-3C9F-492D-B8C3-4E5F3F78EE6F}.Release|Any CPU.Build.0 = Release|Any CPU
		{6C319683-FB9C-43F0-8FBF-BCF72CCC1943}.Debug|Any CPU.ActiveCfg = Debug|Any CPU
		{6C319683-FB9C-43F0-8FBF-BCF72CCC1943}.Debug|Any CPU.Build.0 = Debug|Any CPU
		{6C319683-FB9C-43F0-8FBF-BCF72CCC1943}.Release|Any CPU.ActiveCfg = Release|Any CPU
		{6C319683-FB9C-43F0-8FBF-BCF72CCC1943}.Release|Any CPU.Build.0 = Release|Any CPU
		{0E05D9E2-8D2E-4502-8758-E2188A5B0C4E}.Debug|Any CPU.ActiveCfg = Debug|Any CPU
		{0E05D9E2-8D2E-4502-8758-E2188A5B0C4E}.Debug|Any CPU.Build.0 = Debug|Any CPU
		{0E05D9E2-8D2E-4502-8758-E2188A5B0C4E}.Release|Any CPU.ActiveCfg = Release|Any CPU
		{0E05D9E2-8D2E-4502-8758-E2188A5B0C4E}.Release|Any CPU.Build.0 = Release|Any CPU
		{85BCC758-86D1-4FBD-BAC4-E103B9E65641}.Debug|Any CPU.ActiveCfg = Debug|Any CPU
		{85BCC758-86D1-4FBD-BAC4-E103B9E65641}.Debug|Any CPU.Build.0 = Debug|Any CPU
		{85BCC758-86D1-4FBD-BAC4-E103B9E65641}.Release|Any CPU.ActiveCfg = Release|Any CPU
		{85BCC758-86D1-4FBD-BAC4-E103B9E65641}.Release|Any CPU.Build.0 = Release|Any CPU
		{D7FF64A9-7FF6-427A-96B7-374E8D97BAF3}.Debug|Any CPU.ActiveCfg = Debug|Any CPU
		{D7FF64A9-7FF6-427A-96B7-374E8D97BAF3}.Debug|Any CPU.Build.0 = Debug|Any CPU
		{D7FF64A9-7FF6-427A-96B7-374E8D97BAF3}.Release|Any CPU.ActiveCfg = Release|Any CPU
		{D7FF64A9-7FF6-427A-96B7-374E8D97BAF3}.Release|Any CPU.Build.0 = Release|Any CPU
		{42F8DA98-DE37-48A5-A5B8-AE93C0A7913C}.Debug|Any CPU.ActiveCfg = Debug|Any CPU
		{42F8DA98-DE37-48A5-A5B8-AE93C0A7913C}.Debug|Any CPU.Build.0 = Debug|Any CPU
		{42F8DA98-DE37-48A5-A5B8-AE93C0A7913C}.Release|Any CPU.ActiveCfg = Release|Any CPU
		{42F8DA98-DE37-48A5-A5B8-AE93C0A7913C}.Release|Any CPU.Build.0 = Release|Any CPU
		{D4B844B5-E1AD-4F5A-A53D-A3161C1901DC}.Debug|Any CPU.ActiveCfg = Debug|Any CPU
		{D4B844B5-E1AD-4F5A-A53D-A3161C1901DC}.Debug|Any CPU.Build.0 = Debug|Any CPU
		{D4B844B5-E1AD-4F5A-A53D-A3161C1901DC}.Release|Any CPU.ActiveCfg = Release|Any CPU
		{D4B844B5-E1AD-4F5A-A53D-A3161C1901DC}.Release|Any CPU.Build.0 = Release|Any CPU
		{AACA9AA4-43FE-40DB-9D1D-837F418E7B9B}.Debug|Any CPU.ActiveCfg = Debug|Any CPU
		{AACA9AA4-43FE-40DB-9D1D-837F418E7B9B}.Debug|Any CPU.Build.0 = Debug|Any CPU
		{AACA9AA4-43FE-40DB-9D1D-837F418E7B9B}.Release|Any CPU.ActiveCfg = Release|Any CPU
		{AACA9AA4-43FE-40DB-9D1D-837F418E7B9B}.Release|Any CPU.Build.0 = Release|Any CPU
		{4D35F1DA-6AA6-4CB9-9B08-CC3ECE92E5B1}.Debug|Any CPU.ActiveCfg = Debug|Any CPU
		{4D35F1DA-6AA6-4CB9-9B08-CC3ECE92E5B1}.Debug|Any CPU.Build.0 = Debug|Any CPU
		{4D35F1DA-6AA6-4CB9-9B08-CC3ECE92E5B1}.Release|Any CPU.ActiveCfg = Release|Any CPU
		{4D35F1DA-6AA6-4CB9-9B08-CC3ECE92E5B1}.Release|Any CPU.Build.0 = Release|Any CPU
		{065F4AA9-9531-4BFF-BE97-E8C31DD7A1B3}.Debug|Any CPU.ActiveCfg = Debug|Any CPU
		{065F4AA9-9531-4BFF-BE97-E8C31DD7A1B3}.Debug|Any CPU.Build.0 = Debug|Any CPU
		{065F4AA9-9531-4BFF-BE97-E8C31DD7A1B3}.Release|Any CPU.ActiveCfg = Release|Any CPU
		{065F4AA9-9531-4BFF-BE97-E8C31DD7A1B3}.Release|Any CPU.Build.0 = Release|Any CPU
		{BCF903A2-7CA8-4A84-BB81-4E9197A616D9}.Debug|Any CPU.ActiveCfg = Debug|Any CPU
		{BCF903A2-7CA8-4A84-BB81-4E9197A616D9}.Debug|Any CPU.Build.0 = Debug|Any CPU
		{BCF903A2-7CA8-4A84-BB81-4E9197A616D9}.Release|Any CPU.ActiveCfg = Release|Any CPU
		{BCF903A2-7CA8-4A84-BB81-4E9197A616D9}.Release|Any CPU.Build.0 = Release|Any CPU
		{A57050AA-8D42-45D0-90C3-0F771A2B7268}.Debug|Any CPU.ActiveCfg = Debug|Any CPU
		{A57050AA-8D42-45D0-90C3-0F771A2B7268}.Debug|Any CPU.Build.0 = Debug|Any CPU
		{A57050AA-8D42-45D0-90C3-0F771A2B7268}.Release|Any CPU.ActiveCfg = Release|Any CPU
		{A57050AA-8D42-45D0-90C3-0F771A2B7268}.Release|Any CPU.Build.0 = Release|Any CPU
		{0FD89F12-DAD8-4A07-8BBE-961EF15E78EF}.Debug|Any CPU.ActiveCfg = Debug|Any CPU
		{0FD89F12-DAD8-4A07-8BBE-961EF15E78EF}.Debug|Any CPU.Build.0 = Debug|Any CPU
		{0FD89F12-DAD8-4A07-8BBE-961EF15E78EF}.Release|Any CPU.ActiveCfg = Release|Any CPU
		{0FD89F12-DAD8-4A07-8BBE-961EF15E78EF}.Release|Any CPU.Build.0 = Release|Any CPU
		{A646DA80-E662-4B2C-A389-CCFF45BFA0D5}.Debug|Any CPU.ActiveCfg = Debug|Any CPU
		{A646DA80-E662-4B2C-A389-CCFF45BFA0D5}.Debug|Any CPU.Build.0 = Debug|Any CPU
		{A646DA80-E662-4B2C-A389-CCFF45BFA0D5}.Release|Any CPU.ActiveCfg = Release|Any CPU
		{A646DA80-E662-4B2C-A389-CCFF45BFA0D5}.Release|Any CPU.Build.0 = Release|Any CPU
		{0714DAF5-1BEC-4B84-9AC3-91BBA00515CE}.Debug|Any CPU.ActiveCfg = Debug|Any CPU
		{0714DAF5-1BEC-4B84-9AC3-91BBA00515CE}.Debug|Any CPU.Build.0 = Debug|Any CPU
		{0714DAF5-1BEC-4B84-9AC3-91BBA00515CE}.Release|Any CPU.ActiveCfg = Release|Any CPU
		{0714DAF5-1BEC-4B84-9AC3-91BBA00515CE}.Release|Any CPU.Build.0 = Release|Any CPU
		{26AC2754-2F5F-4953-AB96-B1CCD2FF36C1}.Debug|Any CPU.ActiveCfg = Debug|Any CPU
		{26AC2754-2F5F-4953-AB96-B1CCD2FF36C1}.Debug|Any CPU.Build.0 = Debug|Any CPU
		{26AC2754-2F5F-4953-AB96-B1CCD2FF36C1}.Release|Any CPU.ActiveCfg = Release|Any CPU
		{26AC2754-2F5F-4953-AB96-B1CCD2FF36C1}.Release|Any CPU.Build.0 = Release|Any CPU
		{DA8BABF7-2695-489B-9042-C72C798A2E92}.Debug|Any CPU.ActiveCfg = Debug|Any CPU
		{DA8BABF7-2695-489B-9042-C72C798A2E92}.Debug|Any CPU.Build.0 = Debug|Any CPU
		{DA8BABF7-2695-489B-9042-C72C798A2E92}.Release|Any CPU.ActiveCfg = Release|Any CPU
		{DA8BABF7-2695-489B-9042-C72C798A2E92}.Release|Any CPU.Build.0 = Release|Any CPU
		{FB7ECEB6-4B21-4F91-A03A-D294552C8FE1}.Debug|Any CPU.ActiveCfg = Debug|Any CPU
		{FB7ECEB6-4B21-4F91-A03A-D294552C8FE1}.Debug|Any CPU.Build.0 = Debug|Any CPU
		{FB7ECEB6-4B21-4F91-A03A-D294552C8FE1}.Release|Any CPU.ActiveCfg = Release|Any CPU
		{FB7ECEB6-4B21-4F91-A03A-D294552C8FE1}.Release|Any CPU.Build.0 = Release|Any CPU
		{ED7F6F1D-091B-475B-AF0A-EA08A634A742}.Debug|Any CPU.ActiveCfg = Debug|Any CPU
		{ED7F6F1D-091B-475B-AF0A-EA08A634A742}.Debug|Any CPU.Build.0 = Debug|Any CPU
		{ED7F6F1D-091B-475B-AF0A-EA08A634A742}.Release|Any CPU.ActiveCfg = Release|Any CPU
		{ED7F6F1D-091B-475B-AF0A-EA08A634A742}.Release|Any CPU.Build.0 = Release|Any CPU
		{03982C49-5218-4581-8B89-D00C6E96C7D7}.Debug|Any CPU.ActiveCfg = Debug|Any CPU
		{03982C49-5218-4581-8B89-D00C6E96C7D7}.Debug|Any CPU.Build.0 = Debug|Any CPU
		{03982C49-5218-4581-8B89-D00C6E96C7D7}.Release|Any CPU.ActiveCfg = Release|Any CPU
		{03982C49-5218-4581-8B89-D00C6E96C7D7}.Release|Any CPU.Build.0 = Release|Any CPU
		{FDA2C8B6-9677-45BF-8377-22A2B9BD231A}.Debug|Any CPU.ActiveCfg = Debug|Any CPU
		{FDA2C8B6-9677-45BF-8377-22A2B9BD231A}.Debug|Any CPU.Build.0 = Debug|Any CPU
		{FDA2C8B6-9677-45BF-8377-22A2B9BD231A}.Release|Any CPU.ActiveCfg = Release|Any CPU
		{FDA2C8B6-9677-45BF-8377-22A2B9BD231A}.Release|Any CPU.Build.0 = Release|Any CPU
		{0A442A0C-C813-4370-AC57-0F3203F76925}.Debug|Any CPU.ActiveCfg = Debug|Any CPU
		{0A442A0C-C813-4370-AC57-0F3203F76925}.Debug|Any CPU.Build.0 = Debug|Any CPU
		{0A442A0C-C813-4370-AC57-0F3203F76925}.Release|Any CPU.ActiveCfg = Release|Any CPU
		{0A442A0C-C813-4370-AC57-0F3203F76925}.Release|Any CPU.Build.0 = Release|Any CPU
		{63F61FB0-2662-4BF1-AD4E-C24AFBE17672}.Debug|Any CPU.ActiveCfg = Debug|Any CPU
		{63F61FB0-2662-4BF1-AD4E-C24AFBE17672}.Debug|Any CPU.Build.0 = Debug|Any CPU
		{63F61FB0-2662-4BF1-AD4E-C24AFBE17672}.Release|Any CPU.ActiveCfg = Release|Any CPU
		{63F61FB0-2662-4BF1-AD4E-C24AFBE17672}.Release|Any CPU.Build.0 = Release|Any CPU
		{BE9D7B4B-05BE-4B7E-9561-1CC7E3689DEA}.Debug|Any CPU.ActiveCfg = Debug|Any CPU
		{BE9D7B4B-05BE-4B7E-9561-1CC7E3689DEA}.Debug|Any CPU.Build.0 = Debug|Any CPU
		{BE9D7B4B-05BE-4B7E-9561-1CC7E3689DEA}.Release|Any CPU.ActiveCfg = Release|Any CPU
		{BE9D7B4B-05BE-4B7E-9561-1CC7E3689DEA}.Release|Any CPU.Build.0 = Release|Any CPU
		{6A8298D8-1277-4B17-86D4-8EF1706F4EB9}.Debug|Any CPU.ActiveCfg = Debug|Any CPU
		{6A8298D8-1277-4B17-86D4-8EF1706F4EB9}.Debug|Any CPU.Build.0 = Debug|Any CPU
		{6A8298D8-1277-4B17-86D4-8EF1706F4EB9}.Release|Any CPU.ActiveCfg = Release|Any CPU
		{6A8298D8-1277-4B17-86D4-8EF1706F4EB9}.Release|Any CPU.Build.0 = Release|Any CPU
		{7DA04CFC-1DD3-4DE6-ACBD-33AA9FD813C2}.Debug|Any CPU.ActiveCfg = Debug|Any CPU
		{7DA04CFC-1DD3-4DE6-ACBD-33AA9FD813C2}.Debug|Any CPU.Build.0 = Debug|Any CPU
		{7DA04CFC-1DD3-4DE6-ACBD-33AA9FD813C2}.Release|Any CPU.ActiveCfg = Release|Any CPU
		{7DA04CFC-1DD3-4DE6-ACBD-33AA9FD813C2}.Release|Any CPU.Build.0 = Release|Any CPU
		{0A57C813-4560-41AA-81EC-43FCDC69924D}.Debug|Any CPU.ActiveCfg = Debug|Any CPU
		{0A57C813-4560-41AA-81EC-43FCDC69924D}.Debug|Any CPU.Build.0 = Debug|Any CPU
		{0A57C813-4560-41AA-81EC-43FCDC69924D}.Release|Any CPU.ActiveCfg = Release|Any CPU
		{0A57C813-4560-41AA-81EC-43FCDC69924D}.Release|Any CPU.Build.0 = Release|Any CPU
		{7EC29D50-D634-4AF3-B89F-6995577B7F50}.Debug|Any CPU.ActiveCfg = Debug|Any CPU
		{7EC29D50-D634-4AF3-B89F-6995577B7F50}.Debug|Any CPU.Build.0 = Debug|Any CPU
		{7EC29D50-D634-4AF3-B89F-6995577B7F50}.Release|Any CPU.ActiveCfg = Release|Any CPU
		{7EC29D50-D634-4AF3-B89F-6995577B7F50}.Release|Any CPU.Build.0 = Release|Any CPU
		{F69B5201-FC28-49B4-8709-7FF28D0A8E6B}.Debug|Any CPU.ActiveCfg = Debug|Any CPU
		{F69B5201-FC28-49B4-8709-7FF28D0A8E6B}.Debug|Any CPU.Build.0 = Debug|Any CPU
		{F69B5201-FC28-49B4-8709-7FF28D0A8E6B}.Release|Any CPU.ActiveCfg = Release|Any CPU
		{F69B5201-FC28-49B4-8709-7FF28D0A8E6B}.Release|Any CPU.Build.0 = Release|Any CPU
		{23865050-6687-476C-9E6E-8971BE9B136B}.Debug|Any CPU.ActiveCfg = Debug|Any CPU
		{23865050-6687-476C-9E6E-8971BE9B136B}.Debug|Any CPU.Build.0 = Debug|Any CPU
		{23865050-6687-476C-9E6E-8971BE9B136B}.Release|Any CPU.ActiveCfg = Release|Any CPU
		{23865050-6687-476C-9E6E-8971BE9B136B}.Release|Any CPU.Build.0 = Release|Any CPU
		{AECAC37C-F7B6-495D-9EEB-EB1E9E1BC3E6}.Debug|Any CPU.ActiveCfg = Debug|Any CPU
		{AECAC37C-F7B6-495D-9EEB-EB1E9E1BC3E6}.Debug|Any CPU.Build.0 = Debug|Any CPU
		{AECAC37C-F7B6-495D-9EEB-EB1E9E1BC3E6}.Release|Any CPU.ActiveCfg = Release|Any CPU
		{AECAC37C-F7B6-495D-9EEB-EB1E9E1BC3E6}.Release|Any CPU.Build.0 = Release|Any CPU
		{3151910E-F316-401A-B8A3-09D4E200763B}.Debug|Any CPU.ActiveCfg = Debug|Any CPU
		{3151910E-F316-401A-B8A3-09D4E200763B}.Debug|Any CPU.Build.0 = Debug|Any CPU
		{3151910E-F316-401A-B8A3-09D4E200763B}.Release|Any CPU.ActiveCfg = Release|Any CPU
		{3151910E-F316-401A-B8A3-09D4E200763B}.Release|Any CPU.Build.0 = Release|Any CPU
		{0E518F6E-5CE0-465E-ABDF-F3F19F171483}.Debug|Any CPU.ActiveCfg = Debug|Any CPU
		{0E518F6E-5CE0-465E-ABDF-F3F19F171483}.Debug|Any CPU.Build.0 = Debug|Any CPU
		{0E518F6E-5CE0-465E-ABDF-F3F19F171483}.Release|Any CPU.ActiveCfg = Release|Any CPU
		{0E518F6E-5CE0-465E-ABDF-F3F19F171483}.Release|Any CPU.Build.0 = Release|Any CPU
		{33058934-DDD0-4AB1-AFD8-0011F0A50C18}.Debug|Any CPU.ActiveCfg = Debug|Any CPU
		{33058934-DDD0-4AB1-AFD8-0011F0A50C18}.Debug|Any CPU.Build.0 = Debug|Any CPU
		{33058934-DDD0-4AB1-AFD8-0011F0A50C18}.Release|Any CPU.ActiveCfg = Release|Any CPU
		{33058934-DDD0-4AB1-AFD8-0011F0A50C18}.Release|Any CPU.Build.0 = Release|Any CPU
		{48A98CBA-489F-4C49-9E83-0B8C954B5A5E}.Debug|Any CPU.ActiveCfg = Debug|Any CPU
		{48A98CBA-489F-4C49-9E83-0B8C954B5A5E}.Debug|Any CPU.Build.0 = Debug|Any CPU
		{48A98CBA-489F-4C49-9E83-0B8C954B5A5E}.Release|Any CPU.ActiveCfg = Release|Any CPU
		{48A98CBA-489F-4C49-9E83-0B8C954B5A5E}.Release|Any CPU.Build.0 = Release|Any CPU
		{527E342C-8851-47AC-98F3-343C840CF2E5}.Debug|Any CPU.ActiveCfg = Debug|Any CPU
		{527E342C-8851-47AC-98F3-343C840CF2E5}.Debug|Any CPU.Build.0 = Debug|Any CPU
		{527E342C-8851-47AC-98F3-343C840CF2E5}.Release|Any CPU.ActiveCfg = Release|Any CPU
		{527E342C-8851-47AC-98F3-343C840CF2E5}.Release|Any CPU.Build.0 = Release|Any CPU
		{A2DA9BBF-D19A-4256-AA8A-01DBF1911B99}.Debug|Any CPU.ActiveCfg = Debug|Any CPU
		{A2DA9BBF-D19A-4256-AA8A-01DBF1911B99}.Debug|Any CPU.Build.0 = Debug|Any CPU
		{A2DA9BBF-D19A-4256-AA8A-01DBF1911B99}.Release|Any CPU.ActiveCfg = Release|Any CPU
		{A2DA9BBF-D19A-4256-AA8A-01DBF1911B99}.Release|Any CPU.Build.0 = Release|Any CPU
		{2B37F1CB-B9BB-4332-9F4F-6C4D65F167DC}.Debug|Any CPU.ActiveCfg = Debug|Any CPU
		{2B37F1CB-B9BB-4332-9F4F-6C4D65F167DC}.Debug|Any CPU.Build.0 = Debug|Any CPU
		{2B37F1CB-B9BB-4332-9F4F-6C4D65F167DC}.Release|Any CPU.ActiveCfg = Release|Any CPU
		{2B37F1CB-B9BB-4332-9F4F-6C4D65F167DC}.Release|Any CPU.Build.0 = Release|Any CPU
		{89D8B48D-94CA-48F3-A0EF-5CA2CE102FC7}.Debug|Any CPU.ActiveCfg = Debug|Any CPU
		{89D8B48D-94CA-48F3-A0EF-5CA2CE102FC7}.Debug|Any CPU.Build.0 = Debug|Any CPU
		{89D8B48D-94CA-48F3-A0EF-5CA2CE102FC7}.Release|Any CPU.ActiveCfg = Release|Any CPU
		{89D8B48D-94CA-48F3-A0EF-5CA2CE102FC7}.Release|Any CPU.Build.0 = Release|Any CPU
		{370CDC14-1B5F-4029-A206-2EB076D9A665}.Debug|Any CPU.ActiveCfg = Debug|Any CPU
		{370CDC14-1B5F-4029-A206-2EB076D9A665}.Debug|Any CPU.Build.0 = Debug|Any CPU
		{370CDC14-1B5F-4029-A206-2EB076D9A665}.Release|Any CPU.ActiveCfg = Release|Any CPU
		{370CDC14-1B5F-4029-A206-2EB076D9A665}.Release|Any CPU.Build.0 = Release|Any CPU
		{6B76B6F5-23C4-42DA-9BDE-1B14553BA1C2}.Debug|Any CPU.ActiveCfg = Debug|Any CPU
		{6B76B6F5-23C4-42DA-9BDE-1B14553BA1C2}.Debug|Any CPU.Build.0 = Debug|Any CPU
		{6B76B6F5-23C4-42DA-9BDE-1B14553BA1C2}.Release|Any CPU.ActiveCfg = Release|Any CPU
		{6B76B6F5-23C4-42DA-9BDE-1B14553BA1C2}.Release|Any CPU.Build.0 = Release|Any CPU
		{F07A02A8-9E52-4D40-8EA9-8D11E40EF70F}.Debug|Any CPU.ActiveCfg = Debug|Any CPU
		{F07A02A8-9E52-4D40-8EA9-8D11E40EF70F}.Debug|Any CPU.Build.0 = Debug|Any CPU
		{F07A02A8-9E52-4D40-8EA9-8D11E40EF70F}.Release|Any CPU.ActiveCfg = Release|Any CPU
		{F07A02A8-9E52-4D40-8EA9-8D11E40EF70F}.Release|Any CPU.Build.0 = Release|Any CPU
		{E6D63726-BA42-4D40-9D61-51403B537F0C}.Debug|Any CPU.ActiveCfg = Debug|Any CPU
		{E6D63726-BA42-4D40-9D61-51403B537F0C}.Debug|Any CPU.Build.0 = Debug|Any CPU
		{E6D63726-BA42-4D40-9D61-51403B537F0C}.Release|Any CPU.ActiveCfg = Release|Any CPU
		{E6D63726-BA42-4D40-9D61-51403B537F0C}.Release|Any CPU.Build.0 = Release|Any CPU
		{10FAB9E8-5A15-4A8B-9B69-D2911461D705}.Debug|Any CPU.ActiveCfg = Debug|Any CPU
		{10FAB9E8-5A15-4A8B-9B69-D2911461D705}.Debug|Any CPU.Build.0 = Debug|Any CPU
		{10FAB9E8-5A15-4A8B-9B69-D2911461D705}.Release|Any CPU.ActiveCfg = Release|Any CPU
		{10FAB9E8-5A15-4A8B-9B69-D2911461D705}.Release|Any CPU.Build.0 = Release|Any CPU
		{E4F12592-FB07-4A1D-B011-7304EDB1E886}.Debug|Any CPU.ActiveCfg = Debug|Any CPU
		{E4F12592-FB07-4A1D-B011-7304EDB1E886}.Debug|Any CPU.Build.0 = Debug|Any CPU
		{E4F12592-FB07-4A1D-B011-7304EDB1E886}.Release|Any CPU.ActiveCfg = Release|Any CPU
		{E4F12592-FB07-4A1D-B011-7304EDB1E886}.Release|Any CPU.Build.0 = Release|Any CPU
		{6D010167-7B50-4212-869E-5BD8420891D5}.Debug|Any CPU.ActiveCfg = Debug|Any CPU
		{6D010167-7B50-4212-869E-5BD8420891D5}.Debug|Any CPU.Build.0 = Debug|Any CPU
		{6D010167-7B50-4212-869E-5BD8420891D5}.Release|Any CPU.ActiveCfg = Release|Any CPU
		{6D010167-7B50-4212-869E-5BD8420891D5}.Release|Any CPU.Build.0 = Release|Any CPU
		{7898C18B-73E3-48FA-8D6F-B8A3B95648B7}.Debug|Any CPU.ActiveCfg = Debug|Any CPU
		{7898C18B-73E3-48FA-8D6F-B8A3B95648B7}.Debug|Any CPU.Build.0 = Debug|Any CPU
		{7898C18B-73E3-48FA-8D6F-B8A3B95648B7}.Release|Any CPU.ActiveCfg = Release|Any CPU
		{7898C18B-73E3-48FA-8D6F-B8A3B95648B7}.Release|Any CPU.Build.0 = Release|Any CPU
		{076280AA-57E1-47DF-95AE-0F2F785B0423}.Debug|Any CPU.ActiveCfg = Debug|Any CPU
		{076280AA-57E1-47DF-95AE-0F2F785B0423}.Debug|Any CPU.Build.0 = Debug|Any CPU
		{076280AA-57E1-47DF-95AE-0F2F785B0423}.Release|Any CPU.ActiveCfg = Release|Any CPU
		{076280AA-57E1-47DF-95AE-0F2F785B0423}.Release|Any CPU.Build.0 = Release|Any CPU
	EndGlobalSection
	GlobalSection(SolutionProperties) = preSolution
		HideSolutionNode = FALSE
	EndGlobalSection
	GlobalSection(ExtensibilityGlobals) = postSolution
		SolutionGuid = {50D6F696-571D-4704-896A-F2FF1FCDF600}
	EndGlobalSection
EndGlobal
