
Microsoft Visual Studio Solution File, Format Version 12.00
# Visual Studio Version 17
VisualStudioVersion = 17.6.33815.320
MinimumVisualStudioVersion = 10.0.40219.1
Project("{FAE04EC0-301F-11D3-BF4B-00C04F79EFBC}") = "programa02_03", "programa02_03\programa02_03.csproj", "{8E36297C-0CDD-464D-A7AB-92924B6C7DF4}"
EndProject
Project("{FAE04EC0-301F-11D3-BF4B-00C04F79EFBC}") = "programa03_01", "programa03_01\programa03_01.csproj", "{98EF64D3-15AA-4759-8157-BAE692E27E94}"
EndProject
Project("{FAE04EC0-301F-11D3-BF4B-00C04F79EFBC}") = "Programa03_02", "Programa03_02\Programa03_02.csproj", "{804B2D51-8A01-4B2C-A1B7-D0E7E05D4490}"
EndProject
Project("{FAE04EC0-301F-11D3-BF4B-00C04F79EFBC}") = "tips4", "Tips C# Nicosiored\tips4.csproj", "{715A2B6A-3C9F-492D-B8C3-4E5F3F78EE6F}"
EndProject
Project("{FAE04EC0-301F-11D3-BF4B-00C04F79EFBC}") = "Tip6FormatoWrite_WriteLine", "Tip6FormatoWrite_WriteLine\Tip6FormatoWrite_WriteLine.csproj", "{6C319683-FB9C-43F0-8FBF-BCF72CCC1943}"
EndProject
Project("{FAE04EC0-301F-11D3-BF4B-00C04F79EFBC}") = "Tip7 const y readonly", "Tip7 const y readonly\Tip7 const y readonly.csproj", "{0E05D9E2-8D2E-4502-8758-E2188A5B0C4E}"
EndProject
Project("{FAE04EC0-301F-11D3-BF4B-00C04F79EFBC}") = "Tip8 Entendiendo static de una vez por todas", "Tip8 Entendiendo static de una vez por todas\Tip8 Entendiendo static de una vez por todas.csproj", "{85BCC758-86D1-4FBD-BAC4-E103B9E65641}"
EndProject
Project("{FAE04EC0-301F-11D3-BF4B-00C04F79EFBC}") = "Tip 8a DatoEstatico", "Tip 8a DatoEstatico\Tip 8a DatoEstatico.csproj", "{D7FF64A9-7FF6-427A-96B7-374E8D97BAF3}"
EndProject
Project("{FAE04EC0-301F-11D3-BF4B-00C04F79EFBC}") = "Tip 8b EstaticoEnConstructor", "Tip 8b EstaticoEnConstructor\Tip 8b EstaticoEnConstructor.csproj", "{42F8DA98-DE37-48A5-A5B8-AE93C0A7913C}"
EndProject
Project("{FAE04EC0-301F-11D3-BF4B-00C04F79EFBC}") = "Tip 8c ConstuctorEstatico", "Tip 8c ConstuctorEstatico\Tip 8c ConstuctorEstatico.csproj", "{D4B844B5-E1AD-4F5A-A53D-A3161C1901DC}"
EndProject
Project("{FAE04EC0-301F-11D3-BF4B-00C04F79EFBC}") = "Tipod ClaseEstatica", "Tipod ClaseEstatica\Tipod ClaseEstatica.csproj", "{AACA9AA4-43FE-40DB-9D1D-837F418E7B9B}"
EndProject
Project("{FAE04EC0-301F-11D3-BF4B-00C04F79EFBC}") = "Tip9_ModificadoresPArametrosMetodo", "Tip9_ModificadoresPArametrosMetodo\Tip9_ModificadoresPArametrosMetodo.csproj", "{4D35F1DA-6AA6-4CB9-9B08-CC3ECE92E5B1}"
EndProject
Project("{FAE04EC0-301F-11D3-BF4B-00C04F79EFBC}") = "Tip010BoxingyUnboxing", "Tip010BoxingyUnboxing\Tip010BoxingyUnboxing.csproj", "{065F4AA9-9531-4BFF-BE97-E8C31DD7A1B3}"
EndProject
Project("{FAE04EC0-301F-11D3-BF4B-00C04F79EFBC}") = "Tip11UsoDeRandom", "Tip11UsoDeRandom\Tip11UsoDeRandom.csproj", "{BCF903A2-7CA8-4A84-BB81-4E9197A616D9}"
EndProject
Project("{FAE04EC0-301F-11D3-BF4B-00C04F79EFBC}") = "Tip12ArreglosJagged", "Tip12ArreglosJagged\Tip12ArreglosJagged.csproj", "{A57050AA-8D42-45D0-90C3-0F771A2B7268}"
EndProject
Project("{FAE04EC0-301F-11D3-BF4B-00C04F79EFBC}") = "Tip013UsoForEach", "Tip013UsoForEach\Tip013UsoForEach.csproj", "{0FD89F12-DAD8-4A07-8BBE-961EF15E78EF}"
EndProject
Project("{FAE04EC0-301F-11D3-BF4B-00C04F79EFBC}") = "Tip014ArreglosComoParametros", "Tip014ArreglosComoParametros\Tip014ArreglosComoParametros.csproj", "{A646DA80-E662-4B2C-A389-CCFF45BFA0D5}"
EndProject
Project("{FAE04EC0-301F-11D3-BF4B-00C04F79EFBC}") = "Tip015PasoPorCopiayPasoPorReferencia", "Tip015PasoPorCopiayPasoPorReferencia\Tip015PasoPorCopiayPasoPorReferencia.csproj", "{0714DAF5-1BEC-4B84-9AC3-91BBA00515CE}"
EndProject
Project("{FAE04EC0-301F-11D3-BF4B-00C04F79EFBC}") = "Tip016Enumeraciones", "Tip016Enumeraciones\Tip016Enumeraciones.csproj", "{26AC2754-2F5F-4953-AB96-B1CCD2FF36C1}"
EndProject
Project("{FAE04EC0-301F-11D3-BF4B-00C04F79EFBC}") = "Tip17EntendiendoClaseObject", "Tip17EntendiendoClaseObject\Tip17EntendiendoClaseObject.csproj", "{DA8BABF7-2695-489B-9042-C72C798A2E92}"
EndProject
Project("{FAE04EC0-301F-11D3-BF4B-00C04F79EFBC}") = "Tip18OverrideClaeObject", "Tip18OverrideClaeObject\Tip18OverrideClaeObject.csproj", "{FB7ECEB6-4B21-4F91-A03A-D294552C8FE1}"
EndProject
Project("{FAE04EC0-301F-11D3-BF4B-00C04F79EFBC}") = "Tip19ClaseChar", "Tip19ClaseChar\Tip19ClaseChar.csproj", "{ED7F6F1D-091B-475B-AF0A-EA08A634A742}"
EndProject
Project("{FAE04EC0-301F-11D3-BF4B-00C04F79EFBC}") = "Tip20ClaseString", "Tip20ClaseString\Tip20ClaseString.csproj", "{03982C49-5218-4581-8B89-D00C6E96C7D7}"
EndProject
Project("{FAE04EC0-301F-11D3-BF4B-00C04F79EFBC}") = "Tip21UsoAvanzadoFor", "Tip21UsoAvanzadoFor\Tip21UsoAvanzadoFor.csproj", "{FDA2C8B6-9677-45BF-8377-22A2B9BD231A}"
EndProject
Project("{9A19103F-16F7-4668-BE54-9A1E7A4F7556}") = "Tip022DeteccionNumerosenTextBox", "Tip022DeteccionNumerosenTextBox\Tip022DeteccionNumerosenTextBox.csproj", "{0A442A0C-C813-4370-AC57-0F3203F76925}"
EndProject
Project("{FAE04EC0-301F-11D3-BF4B-00C04F79EFBC}") = "Tip23_ConsolayForm", "Tip23_ConsolayForm\Tip23_ConsolayForm.csproj", "{63F61FB0-2662-4BF1-AD4E-C24AFBE17672}"
EndProject
Project("{FAE04EC0-301F-11D3-BF4B-00C04F79EFBC}") = "Tip24_PropiedadesAutomaticas", "Tip24_PropiedadesAutomaticas\Tip24_PropiedadesAutomaticas.csproj", "{BE9D7B4B-05BE-4B7E-9561-1CC7E3689DEA}"
EndProject
Project("{FAE04EC0-301F-11D3-BF4B-00C04F79EFBC}") = "Tip025_OperadorTernario", "Tip025_OperadorTernario\Tip025_OperadorTernario.csproj", "{6A8298D8-1277-4B17-86D4-8EF1706F4EB9}"
EndProject
Global
	GlobalSection(SolutionConfigurationPlatforms) = preSolution
		Debug|Any CPU = Debug|Any CPU
		Release|Any CPU = Release|Any CPU
	EndGlobalSection
	GlobalSection(ProjectConfigurationPlatforms) = postSolution
		{8E36297C-0CDD-464D-A7AB-92924B6C7DF4}.Debug|Any CPU.ActiveCfg = Debug|Any CPU
		{8E36297C-0CDD-464D-A7AB-92924B6C7DF4}.Debug|Any CPU.Build.0 = Debug|Any CPU
		{8E36297C-0CDD-464D-A7AB-92924B6C7DF4}.Release|Any CPU.ActiveCfg = Release|Any CPU
		{8E36297C-0CDD-464D-A7AB-92924B6C7DF4}.Release|Any CPU.Build.0 = Release|Any CPU
		{98EF64D3-15AA-4759-8157-BAE692E27E94}.Debug|Any CPU.ActiveCfg = Debug|Any CPU
		{98EF64D3-15AA-4759-8157-BAE692E27E94}.Debug|Any CPU.Build.0 = Debug|Any CPU
		{98EF64D3-15AA-4759-8157-BAE692E27E94}.Release|Any CPU.ActiveCfg = Release|Any CPU
		{98EF64D3-15AA-4759-8157-BAE692E27E94}.Release|Any CPU.Build.0 = Release|Any CPU
		{804B2D51-8A01-4B2C-A1B7-D0E7E05D4490}.Debug|Any CPU.ActiveCfg = Debug|Any CPU
		{804B2D51-8A01-4B2C-A1B7-D0E7E05D4490}.Debug|Any CPU.Build.0 = Debug|Any CPU
		{804B2D51-8A01-4B2C-A1B7-D0E7E05D4490}.Release|Any CPU.ActiveCfg = Release|Any CPU
		{804B2D51-8A01-4B2C-A1B7-D0E7E05D4490}.Release|Any CPU.Build.0 = Release|Any CPU
		{715A2B6A-3C9F-492D-B8C3-4E5F3F78EE6F}.Debug|Any CPU.ActiveCfg = Debug|Any CPU
		{715A2B6A-3C9F-492D-B8C3-4E5F3F78EE6F}.Debug|Any CPU.Build.0 = Debug|Any CPU
		{715A2B6A-3C9F-492D-B8C3-4E5F3F78EE6F}.Release|Any CPU.ActiveCfg = Release|Any CPU
		{715A2B6A-3C9F-492D-B8C3-4E5F3F78EE6F}.Release|Any CPU.Build.0 = Release|Any CPU
		{6C319683-FB9C-43F0-8FBF-BCF72CCC1943}.Debug|Any CPU.ActiveCfg = Debug|Any CPU
		{6C319683-FB9C-43F0-8FBF-BCF72CCC1943}.Debug|Any CPU.Build.0 = Debug|Any CPU
		{6C319683-FB9C-43F0-8FBF-BCF72CCC1943}.Release|Any CPU.ActiveCfg = Release|Any CPU
		{6C319683-FB9C-43F0-8FBF-BCF72CCC1943}.Release|Any CPU.Build.0 = Release|Any CPU
		{0E05D9E2-8D2E-4502-8758-E2188A5B0C4E}.Debug|Any CPU.ActiveCfg = Debug|Any CPU
		{0E05D9E2-8D2E-4502-8758-E2188A5B0C4E}.Debug|Any CPU.Build.0 = Debug|Any CPU
		{0E05D9E2-8D2E-4502-8758-E2188A5B0C4E}.Release|Any CPU.ActiveCfg = Release|Any CPU
		{0E05D9E2-8D2E-4502-8758-E2188A5B0C4E}.Release|Any CPU.Build.0 = Release|Any CPU
		{85BCC758-86D1-4FBD-BAC4-E103B9E65641}.Debug|Any CPU.ActiveCfg = Debug|Any CPU
		{85BCC758-86D1-4FBD-BAC4-E103B9E65641}.Debug|Any CPU.Build.0 = Debug|Any CPU
		{85BCC758-86D1-4FBD-BAC4-E103B9E65641}.Release|Any CPU.ActiveCfg = Release|Any CPU
		{85BCC758-86D1-4FBD-BAC4-E103B9E65641}.Release|Any CPU.Build.0 = Release|Any CPU
		{D7FF64A9-7FF6-427A-96B7-374E8D97BAF3}.Debug|Any CPU.ActiveCfg = Debug|Any CPU
		{D7FF64A9-7FF6-427A-96B7-374E8D97BAF3}.Debug|Any CPU.Build.0 = Debug|Any CPU
		{D7FF64A9-7FF6-427A-96B7-374E8D97BAF3}.Release|Any CPU.ActiveCfg = Release|Any CPU
		{D7FF64A9-7FF6-427A-96B7-374E8D97BAF3}.Release|Any CPU.Build.0 = Release|Any CPU
		{42F8DA98-DE37-48A5-A5B8-AE93C0A7913C}.Debug|Any CPU.ActiveCfg = Debug|Any CPU
		{42F8DA98-DE37-48A5-A5B8-AE93C0A7913C}.Debug|Any CPU.Build.0 = Debug|Any CPU
		{42F8DA98-DE37-48A5-A5B8-AE93C0A7913C}.Release|Any CPU.ActiveCfg = Release|Any CPU
		{42F8DA98-DE37-48A5-A5B8-AE93C0A7913C}.Release|Any CPU.Build.0 = Release|Any CPU
		{D4B844B5-E1AD-4F5A-A53D-A3161C1901DC}.Debug|Any CPU.ActiveCfg = Debug|Any CPU
		{D4B844B5-E1AD-4F5A-A53D-A3161C1901DC}.Debug|Any CPU.Build.0 = Debug|Any CPU
		{D4B844B5-E1AD-4F5A-A53D-A3161C1901DC}.Release|Any CPU.ActiveCfg = Release|Any CPU
		{D4B844B5-E1AD-4F5A-A53D-A3161C1901DC}.Release|Any CPU.Build.0 = Release|Any CPU
		{AACA9AA4-43FE-40DB-9D1D-837F418E7B9B}.Debug|Any CPU.ActiveCfg = Debug|Any CPU
		{AACA9AA4-43FE-40DB-9D1D-837F418E7B9B}.Debug|Any CPU.Build.0 = Debug|Any CPU
		{AACA9AA4-43FE-40DB-9D1D-837F418E7B9B}.Release|Any CPU.ActiveCfg = Release|Any CPU
		{AACA9AA4-43FE-40DB-9D1D-837F418E7B9B}.Release|Any CPU.Build.0 = Release|Any CPU
		{4D35F1DA-6AA6-4CB9-9B08-CC3ECE92E5B1}.Debug|Any CPU.ActiveCfg = Debug|Any CPU
		{4D35F1DA-6AA6-4CB9-9B08-CC3ECE92E5B1}.Debug|Any CPU.Build.0 = Debug|Any CPU
		{4D35F1DA-6AA6-4CB9-9B08-CC3ECE92E5B1}.Release|Any CPU.ActiveCfg = Release|Any CPU
		{4D35F1DA-6AA6-4CB9-9B08-CC3ECE92E5B1}.Release|Any CPU.Build.0 = Release|Any CPU
		{065F4AA9-9531-4BFF-BE97-E8C31DD7A1B3}.Debug|Any CPU.ActiveCfg = Debug|Any CPU
		{065F4AA9-9531-4BFF-BE97-E8C31DD7A1B3}.Debug|Any CPU.Build.0 = Debug|Any CPU
		{065F4AA9-9531-4BFF-BE97-E8C31DD7A1B3}.Release|Any CPU.ActiveCfg = Release|Any CPU
		{065F4AA9-9531-4BFF-BE97-E8C31DD7A1B3}.Release|Any CPU.Build.0 = Release|Any CPU
		{BCF903A2-7CA8-4A84-BB81-4E9197A616D9}.Debug|Any CPU.ActiveCfg = Debug|Any CPU
		{BCF903A2-7CA8-4A84-BB81-4E9197A616D9}.Debug|Any CPU.Build.0 = Debug|Any CPU
		{BCF903A2-7CA8-4A84-BB81-4E9197A616D9}.Release|Any CPU.ActiveCfg = Release|Any CPU
		{BCF903A2-7CA8-4A84-BB81-4E9197A616D9}.Release|Any CPU.Build.0 = Release|Any CPU
		{A57050AA-8D42-45D0-90C3-0F771A2B7268}.Debug|Any CPU.ActiveCfg = Debug|Any CPU
		{A57050AA-8D42-45D0-90C3-0F771A2B7268}.Debug|Any CPU.Build.0 = Debug|Any CPU
		{A57050AA-8D42-45D0-90C3-0F771A2B7268}.Release|Any CPU.ActiveCfg = Release|Any CPU
		{A57050AA-8D42-45D0-90C3-0F771A2B7268}.Release|Any CPU.Build.0 = Release|Any CPU
		{0FD89F12-DAD8-4A07-8BBE-961EF15E78EF}.Debug|Any CPU.ActiveCfg = Debug|Any CPU
		{0FD89F12-DAD8-4A07-8BBE-961EF15E78EF}.Debug|Any CPU.Build.0 = Debug|Any CPU
		{0FD89F12-DAD8-4A07-8BBE-961EF15E78EF}.Release|Any CPU.ActiveCfg = Release|Any CPU
		{0FD89F12-DAD8-4A07-8BBE-961EF15E78EF}.Release|Any CPU.Build.0 = Release|Any CPU
		{A646DA80-E662-4B2C-A389-CCFF45BFA0D5}.Debug|Any CPU.ActiveCfg = Debug|Any CPU
		{A646DA80-E662-4B2C-A389-CCFF45BFA0D5}.Debug|Any CPU.Build.0 = Debug|Any CPU
		{A646DA80-E662-4B2C-A389-CCFF45BFA0D5}.Release|Any CPU.ActiveCfg = Release|Any CPU
		{A646DA80-E662-4B2C-A389-CCFF45BFA0D5}.Release|Any CPU.Build.0 = Release|Any CPU
		{0714DAF5-1BEC-4B84-9AC3-91BBA00515CE}.Debug|Any CPU.ActiveCfg = Debug|Any CPU
		{0714DAF5-1BEC-4B84-9AC3-91BBA00515CE}.Debug|Any CPU.Build.0 = Debug|Any CPU
		{0714DAF5-1BEC-4B84-9AC3-91BBA00515CE}.Release|Any CPU.ActiveCfg = Release|Any CPU
		{0714DAF5-1BEC-4B84-9AC3-91BBA00515CE}.Release|Any CPU.Build.0 = Release|Any CPU
		{26AC2754-2F5F-4953-AB96-B1CCD2FF36C1}.Debug|Any CPU.ActiveCfg = Debug|Any CPU
		{26AC2754-2F5F-4953-AB96-B1CCD2FF36C1}.Debug|Any CPU.Build.0 = Debug|Any CPU
		{26AC2754-2F5F-4953-AB96-B1CCD2FF36C1}.Release|Any CPU.ActiveCfg = Release|Any CPU
		{26AC2754-2F5F-4953-AB96-B1CCD2FF36C1}.Release|Any CPU.Build.0 = Release|Any CPU
		{DA8BABF7-2695-489B-9042-C72C798A2E92}.Debug|Any CPU.ActiveCfg = Debug|Any CPU
		{DA8BABF7-2695-489B-9042-C72C798A2E92}.Debug|Any CPU.Build.0 = Debug|Any CPU
		{DA8BABF7-2695-489B-9042-C72C798A2E92}.Release|Any CPU.ActiveCfg = Release|Any CPU
		{DA8BABF7-2695-489B-9042-C72C798A2E92}.Release|Any CPU.Build.0 = Release|Any CPU
		{FB7ECEB6-4B21-4F91-A03A-D294552C8FE1}.Debug|Any CPU.ActiveCfg = Debug|Any CPU
		{FB7ECEB6-4B21-4F91-A03A-D294552C8FE1}.Debug|Any CPU.Build.0 = Debug|Any CPU
		{FB7ECEB6-4B21-4F91-A03A-D294552C8FE1}.Release|Any CPU.ActiveCfg = Release|Any CPU
		{FB7ECEB6-4B21-4F91-A03A-D294552C8FE1}.Release|Any CPU.Build.0 = Release|Any CPU
		{ED7F6F1D-091B-475B-AF0A-EA08A634A742}.Debug|Any CPU.ActiveCfg = Debug|Any CPU
		{ED7F6F1D-091B-475B-AF0A-EA08A634A742}.Debug|Any CPU.Build.0 = Debug|Any CPU
		{ED7F6F1D-091B-475B-AF0A-EA08A634A742}.Release|Any CPU.ActiveCfg = Release|Any CPU
		{ED7F6F1D-091B-475B-AF0A-EA08A634A742}.Release|Any CPU.Build.0 = Release|Any CPU
		{03982C49-5218-4581-8B89-D00C6E96C7D7}.Debug|Any CPU.ActiveCfg = Debug|Any CPU
		{03982C49-5218-4581-8B89-D00C6E96C7D7}.Debug|Any CPU.Build.0 = Debug|Any CPU
		{03982C49-5218-4581-8B89-D00C6E96C7D7}.Release|Any CPU.ActiveCfg = Release|Any CPU
		{03982C49-5218-4581-8B89-D00C6E96C7D7}.Release|Any CPU.Build.0 = Release|Any CPU
		{FDA2C8B6-9677-45BF-8377-22A2B9BD231A}.Debug|Any CPU.ActiveCfg = Debug|Any CPU
		{FDA2C8B6-9677-45BF-8377-22A2B9BD231A}.Debug|Any CPU.Build.0 = Debug|Any CPU
		{FDA2C8B6-9677-45BF-8377-22A2B9BD231A}.Release|Any CPU.ActiveCfg = Release|Any CPU
		{FDA2C8B6-9677-45BF-8377-22A2B9BD231A}.Release|Any CPU.Build.0 = Release|Any CPU
		{0A442A0C-C813-4370-AC57-0F3203F76925}.Debug|Any CPU.ActiveCfg = Debug|Any CPU
		{0A442A0C-C813-4370-AC57-0F3203F76925}.Debug|Any CPU.Build.0 = Debug|Any CPU
		{0A442A0C-C813-4370-AC57-0F3203F76925}.Release|Any CPU.ActiveCfg = Release|Any CPU
		{0A442A0C-C813-4370-AC57-0F3203F76925}.Release|Any CPU.Build.0 = Release|Any CPU
		{63F61FB0-2662-4BF1-AD4E-C24AFBE17672}.Debug|Any CPU.ActiveCfg = Debug|Any CPU
		{63F61FB0-2662-4BF1-AD4E-C24AFBE17672}.Debug|Any CPU.Build.0 = Debug|Any CPU
		{63F61FB0-2662-4BF1-AD4E-C24AFBE17672}.Release|Any CPU.ActiveCfg = Release|Any CPU
		{63F61FB0-2662-4BF1-AD4E-C24AFBE17672}.Release|Any CPU.Build.0 = Release|Any CPU
		{BE9D7B4B-05BE-4B7E-9561-1CC7E3689DEA}.Debug|Any CPU.ActiveCfg = Debug|Any CPU
		{BE9D7B4B-05BE-4B7E-9561-1CC7E3689DEA}.Debug|Any CPU.Build.0 = Debug|Any CPU
		{BE9D7B4B-05BE-4B7E-9561-1CC7E3689DEA}.Release|Any CPU.ActiveCfg = Release|Any CPU
		{BE9D7B4B-05BE-4B7E-9561-1CC7E3689DEA}.Release|Any CPU.Build.0 = Release|Any CPU
		{6A8298D8-1277-4B17-86D4-8EF1706F4EB9}.Debug|Any CPU.ActiveCfg = Debug|Any CPU
		{6A8298D8-1277-4B17-86D4-8EF1706F4EB9}.Debug|Any CPU.Build.0 = Debug|Any CPU
		{6A8298D8-1277-4B17-86D4-8EF1706F4EB9}.Release|Any CPU.ActiveCfg = Release|Any CPU
		{6A8298D8-1277-4B17-86D4-8EF1706F4EB9}.Release|Any CPU.Build.0 = Release|Any CPU
	EndGlobalSection
	GlobalSection(SolutionProperties) = preSolution
		HideSolutionNode = FALSE
	EndGlobalSection
	GlobalSection(ExtensibilityGlobals) = postSolution
		SolutionGuid = {50D6F696-571D-4704-896A-F2FF1FCDF600}
	EndGlobalSection
EndGlobal
